
Microsoft Visual Studio Solution File, Format Version 12.00
# Visual Studio Version 17
VisualStudioVersion = 17.14.36414.22 d17.14
MinimumVisualStudioVersion = 10.0.40219.1
Project("{FAE04EC0-301F-11D3-BF4B-00C04F79EFBC}") = "CachingProxy", "CachingProxy.csproj", "{4FCFD26B-D28F-4EC1-9D77-B76BD4A4A24D}"
EndProject
Global
	GlobalSection(SolutionConfigurationPlatforms) = preSolution
		Debug|Any CPU = Debug|Any CPU
		Release|Any CPU = Release|Any CPU
	EndGlobalSection
	GlobalSection(ProjectConfigurationPlatforms) = postSolution
		{4FCFD26B-D28F-4EC1-9D77-B76BD4A4A24D}.Debug|Any CPU.ActiveCfg = Debug|Any CPU
		{4FCFD26B-D28F-4EC1-9D77-B76BD4A4A24D}.Debug|Any CPU.Build.0 = Debug|Any CPU
		{4FCFD26B-D28F-4EC1-9D77-B76BD4A4A24D}.Release|Any CPU.ActiveCfg = Release|Any CPU
		{4FCFD26B-D28F-4EC1-9D77-B76BD4A4A24D}.Release|Any CPU.Build.0 = Release|Any CPU
	EndGlobalSection
	GlobalSection(SolutionProperties) = preSolution
		HideSolutionNode = FALSE
	EndGlobalSection
	GlobalSection(ExtensibilityGlobals) = postSolution
		SolutionGuid = {A6D7A58F-55BE-47E1-8262-D8510D64C815}
	EndGlobalSection
EndGlobal
